// !$*UTF8*$!
{
	archiveVersion = 1;
	classes = {
	};
	objectVersion = 46;
	objects = {

/* Begin PBXBuildFile section */
		00A8324E1E10C7B30091A15A /* main.m in Sources */ = {isa = PBXBuildFile; fileRef = 00A8324D1E10C7B30091A15A /* main.m */; };
		00A832511E10C7B30091A15A /* AppDelegate.m in Sources */ = {isa = PBXBuildFile; fileRef = 00A832501E10C7B30091A15A /* AppDelegate.m */; };
		00A832541E10C7B30091A15A /* ViewController.m in Sources */ = {isa = PBXBuildFile; fileRef = 00A832531E10C7B30091A15A /* ViewController.m */; };
		00A832571E10C7B30091A15A /* Main.storyboard in Resources */ = {isa = PBXBuildFile; fileRef = 00A832551E10C7B30091A15A /* Main.storyboard */; };
		00A8325A1E10C7B30091A15A /* Christmas.xcdatamodeld in Sources */ = {isa = PBXBuildFile; fileRef = 00A832581E10C7B30091A15A /* Christmas.xcdatamodeld */; };
		00A8325C1E10C7B30091A15A /* Assets.xcassets in Resources */ = {isa = PBXBuildFile; fileRef = 00A8325B1E10C7B30091A15A /* Assets.xcassets */; };
		00A8325F1E10C7B30091A15A /* LaunchScreen.storyboard in Resources */ = {isa = PBXBuildFile; fileRef = 00A8325D1E10C7B30091A15A /* LaunchScreen.storyboard */; };
		00A8326A1E10C7B30091A15A /* ChristmasTests.m in Sources */ = {isa = PBXBuildFile; fileRef = 00A832691E10C7B30091A15A /* ChristmasTests.m */; };
		00A832751E10C7B30091A15A /* ChristmasUITests.m in Sources */ = {isa = PBXBuildFile; fileRef = 00A832741E10C7B30091A15A /* ChristmasUITests.m */; };
/* End PBXBuildFile section */

/* Begin PBXContainerItemProxy section */
		00A832661E10C7B30091A15A /* PBXContainerItemProxy */ = {
			isa = PBXContainerItemProxy;
			containerPortal = 00A832411E10C7B30091A15A /* Project object */;
			proxyType = 1;
			remoteGlobalIDString = 00A832481E10C7B30091A15A;
			remoteInfo = Christmas;
		};
		00A832711E10C7B30091A15A /* PBXContainerItemProxy */ = {
			isa = PBXContainerItemProxy;
			containerPortal = 00A832411E10C7B30091A15A /* Project object */;
			proxyType = 1;
			remoteGlobalIDString = 00A832481E10C7B30091A15A;
			remoteInfo = Christmas;
		};
/* End PBXContainerItemProxy section */

/* Begin PBXFileReference section */
		00A832491E10C7B30091A15A /* Christmas.app */ = {isa = PBXFileReference; explicitFileType = wrapper.application; includeInIndex = 0; path = Christmas.app; sourceTree = BUILT_PRODUCTS_DIR; };
		00A8324D1E10C7B30091A15A /* main.m */ = {isa = PBXFileReference; lastKnownFileType = sourcecode.c.objc; path = main.m; sourceTree = "<group>"; };
		00A8324F1E10C7B30091A15A /* AppDelegate.h */ = {isa = PBXFileReference; lastKnownFileType = sourcecode.c.h; path = AppDelegate.h; sourceTree = "<group>"; };
		00A832501E10C7B30091A15A /* AppDelegate.m */ = {isa = PBXFileReference; lastKnownFileType = sourcecode.c.objc; path = AppDelegate.m; sourceTree = "<group>"; };
		00A832521E10C7B30091A15A /* ViewController.h */ = {isa = PBXFileReference; lastKnownFileType = sourcecode.c.h; path = ViewController.h; sourceTree = "<group>"; };
		00A832531E10C7B30091A15A /* ViewController.m */ = {isa = PBXFileReference; lastKnownFileType = sourcecode.c.objc; path = ViewController.m; sourceTree = "<group>"; };
		00A832561E10C7B30091A15A /* Base */ = {isa = PBXFileReference; lastKnownFileType = file.storyboard; name = Base; path = Base.lproj/Main.storyboard; sourceTree = "<group>"; };
		00A832591E10C7B30091A15A /* Christmas.xcdatamodel */ = {isa = PBXFileReference; lastKnownFileType = wrapper.xcdatamodel; path = Christmas.xcdatamodel; sourceTree = "<group>"; };
		00A8325B1E10C7B30091A15A /* Assets.xcassets */ = {isa = PBXFileReference; lastKnownFileType = folder.assetcatalog; path = Assets.xcassets; sourceTree = "<group>"; };
		00A8325E1E10C7B30091A15A /* Base */ = {isa = PBXFileReference; lastKnownFileType = file.storyboard; name = Base; path = Base.lproj/LaunchScreen.storyboard; sourceTree = "<group>"; };
		00A832601E10C7B30091A15A /* Info.plist */ = {isa = PBXFileReference; lastKnownFileType = text.plist.xml; path = Info.plist; sourceTree = "<group>"; };
		00A832651E10C7B30091A15A /* ChristmasTests.xctest */ = {isa = PBXFileReference; explicitFileType = wrapper.cfbundle; includeInIndex = 0; path = ChristmasTests.xctest; sourceTree = BUILT_PRODUCTS_DIR; };
		00A832691E10C7B30091A15A /* ChristmasTests.m */ = {isa = PBXFileReference; lastKnownFileType = sourcecode.c.objc; path = ChristmasTests.m; sourceTree = "<group>"; };
		00A8326B1E10C7B30091A15A /* Info.plist */ = {isa = PBXFileReference; lastKnownFileType = text.plist.xml; path = Info.plist; sourceTree = "<group>"; };
		00A832701E10C7B30091A15A /* ChristmasUITests.xctest */ = {isa = PBXFileReference; explicitFileType = wrapper.cfbundle; includeInIndex = 0; path = ChristmasUITests.xctest; sourceTree = BUILT_PRODUCTS_DIR; };
		00A832741E10C7B30091A15A /* ChristmasUITests.m */ = {isa = PBXFileReference; lastKnownFileType = sourcecode.c.objc; path = ChristmasUITests.m; sourceTree = "<group>"; };
		00A832761E10C7B30091A15A /* Info.plist */ = {isa = PBXFileReference; lastKnownFileType = text.plist.xml; path = Info.plist; sourceTree = "<group>"; };
/* End PBXFileReference section */

/* Begin PBXFrameworksBuildPhase section */
		00A832461E10C7B30091A15A /* Frameworks */ = {
			isa = PBXFrameworksBuildPhase;
			buildActionMask = 2147483647;
			files = (
			);
			runOnlyForDeploymentPostprocessing = 0;
		};
		00A832621E10C7B30091A15A /* Frameworks */ = {
			isa = PBXFrameworksBuildPhase;
			buildActionMask = 2147483647;
			files = (
			);
			runOnlyForDeploymentPostprocessing = 0;
		};
		00A8326D1E10C7B30091A15A /* Frameworks */ = {
			isa = PBXFrameworksBuildPhase;
			buildActionMask = 2147483647;
			files = (
			);
			runOnlyForDeploymentPostprocessing = 0;
		};
/* End PBXFrameworksBuildPhase section */

/* Begin PBXGroup section */
		00A832401E10C7B30091A15A = {
			isa = PBXGroup;
			children = (
				00A8324B1E10C7B30091A15A /* Christmas */,
				00A832681E10C7B30091A15A /* ChristmasTests */,
				00A832731E10C7B30091A15A /* ChristmasUITests */,
				00A8324A1E10C7B30091A15A /* Products */,
			);
			sourceTree = "<group>";
		};
		00A8324A1E10C7B30091A15A /* Products */ = {
			isa = PBXGroup;
			children = (
				00A832491E10C7B30091A15A /* Christmas.app */,
				00A832651E10C7B30091A15A /* ChristmasTests.xctest */,
				00A832701E10C7B30091A15A /* ChristmasUITests.xctest */,
			);
			name = Products;
			sourceTree = "<group>";
		};
		00A8324B1E10C7B30091A15A /* Christmas */ = {
			isa = PBXGroup;
			children = (
				00A8324F1E10C7B30091A15A /* AppDelegate.h */,
				00A832501E10C7B30091A15A /* AppDelegate.m */,
				00A832521E10C7B30091A15A /* ViewController.h */,
				00A832531E10C7B30091A15A /* ViewController.m */,
				00A832551E10C7B30091A15A /* Main.storyboard */,
				00A8325B1E10C7B30091A15A /* Assets.xcassets */,
				00A8325D1E10C7B30091A15A /* LaunchScreen.storyboard */,
				00A832601E10C7B30091A15A /* Info.plist */,
				00A832581E10C7B30091A15A /* Christmas.xcdatamodeld */,
				00A8324C1E10C7B30091A15A /* Supporting Files */,
			);
			path = Christmas;
			sourceTree = "<group>";
		};
		00A8324C1E10C7B30091A15A /* Supporting Files */ = {
			isa = PBXGroup;
			children = (
				00A8324D1E10C7B30091A15A /* main.m */,
			);
			name = "Supporting Files";
			sourceTree = "<group>";
		};
		00A832681E10C7B30091A15A /* ChristmasTests */ = {
			isa = PBXGroup;
			children = (
				00A832691E10C7B30091A15A /* ChristmasTests.m */,
				00A8326B1E10C7B30091A15A /* Info.plist */,
			);
			path = ChristmasTests;
			sourceTree = "<group>";
		};
		00A832731E10C7B30091A15A /* ChristmasUITests */ = {
			isa = PBXGroup;
			children = (
				00A832741E10C7B30091A15A /* ChristmasUITests.m */,
				00A832761E10C7B30091A15A /* Info.plist */,
			);
			path = ChristmasUITests;
			sourceTree = "<group>";
		};
/* End PBXGroup section */

/* Begin PBXNativeTarget section */
		00A832481E10C7B30091A15A /* Christmas */ = {
			isa = PBXNativeTarget;
			buildConfigurationList = 00A832791E10C7B30091A15A /* Build configuration list for PBXNativeTarget "Christmas" */;
			buildPhases = (
				00A832451E10C7B30091A15A /* Sources */,
				00A832461E10C7B30091A15A /* Frameworks */,
				00A832471E10C7B30091A15A /* Resources */,
			);
			buildRules = (
			);
			dependencies = (
			);
			name = Christmas;
			productName = Christmas;
			productReference = 00A832491E10C7B30091A15A /* Christmas.app */;
			productType = "com.apple.product-type.application";
		};
		00A832641E10C7B30091A15A /* ChristmasTests */ = {
			isa = PBXNativeTarget;
			buildConfigurationList = 00A8327C1E10C7B30091A15A /* Build configuration list for PBXNativeTarget "ChristmasTests" */;
			buildPhases = (
				00A832611E10C7B30091A15A /* Sources */,
				00A832621E10C7B30091A15A /* Frameworks */,
				00A832631E10C7B30091A15A /* Resources */,
			);
			buildRules = (
			);
			dependencies = (
				00A832671E10C7B30091A15A /* PBXTargetDependency */,
			);
			name = ChristmasTests;
			productName = ChristmasTests;
			productReference = 00A832651E10C7B30091A15A /* ChristmasTests.xctest */;
			productType = "com.apple.product-type.bundle.unit-test";
		};
		00A8326F1E10C7B30091A15A /* ChristmasUITests */ = {
			isa = PBXNativeTarget;
			buildConfigurationList = 00A8327F1E10C7B30091A15A /* Build configuration list for PBXNativeTarget "ChristmasUITests" */;
			buildPhases = (
				00A8326C1E10C7B30091A15A /* Sources */,
				00A8326D1E10C7B30091A15A /* Frameworks */,
				00A8326E1E10C7B30091A15A /* Resources */,
			);
			buildRules = (
			);
			dependencies = (
				00A832721E10C7B30091A15A /* PBXTargetDependency */,
			);
			name = ChristmasUITests;
			productName = ChristmasUITests;
			productReference = 00A832701E10C7B30091A15A /* ChristmasUITests.xctest */;
			productType = "com.apple.product-type.bundle.ui-testing";
		};
/* End PBXNativeTarget section */

/* Begin PBXProject section */
		00A832411E10C7B30091A15A /* Project object */ = {
			isa = PBXProject;
			attributes = {
				LastUpgradeCheck = 0820;
				ORGANIZATIONNAME = Hunter;
				TargetAttributes = {
					00A832481E10C7B30091A15A = {
						CreatedOnToolsVersion = 8.2.1;
						DevelopmentTeam = AQYG2VCB27;
						ProvisioningStyle = Automatic;
					};
					00A832641E10C7B30091A15A = {
						CreatedOnToolsVersion = 8.2.1;
						DevelopmentTeam = AQYG2VCB27;
						ProvisioningStyle = Automatic;
						TestTargetID = 00A832481E10C7B30091A15A;
					};
					00A8326F1E10C7B30091A15A = {
						CreatedOnToolsVersion = 8.2.1;
						DevelopmentTeam = AQYG2VCB27;
						ProvisioningStyle = Automatic;
						TestTargetID = 00A832481E10C7B30091A15A;
					};
				};
			};
			buildConfigurationList = 00A832441E10C7B30091A15A /* Build configuration list for PBXProject "Christmas" */;
			compatibilityVersion = "Xcode 3.2";
			developmentRegion = English;
			hasScannedForEncodings = 0;
			knownRegions = (
				en,
				Base,
			);
			mainGroup = 00A832401E10C7B30091A15A;
			productRefGroup = 00A8324A1E10C7B30091A15A /* Products */;
			projectDirPath = "";
			projectRoot = "";
			targets = (
				00A832481E10C7B30091A15A /* Christmas */,
				00A832641E10C7B30091A15A /* ChristmasTests */,
				00A8326F1E10C7B30091A15A /* ChristmasUITests */,
			);
		};
/* End PBXProject section */

/* Begin PBXResourcesBuildPhase section */
		00A832471E10C7B30091A15A /* Resources */ = {
			isa = PBXResourcesBuildPhase;
			buildActionMask = 2147483647;
			files = (
				00A8325F1E10C7B30091A15A /* LaunchScreen.storyboard in Resources */,
				00A8325C1E10C7B30091A15A /* Assets.xcassets in Resources */,
				00A832571E10C7B30091A15A /* Main.storyboard in Resources */,
			);
			runOnlyForDeploymentPostprocessing = 0;
		};
		00A832631E10C7B30091A15A /* Resources */ = {
			isa = PBXResourcesBuildPhase;
			buildActionMask = 2147483647;
			files = (
			);
			runOnlyForDeploymentPostprocessing = 0;
		};
		00A8326E1E10C7B30091A15A /* Resources */ = {
			isa = PBXResourcesBuildPhase;
			buildActionMask = 2147483647;
			files = (
			);
			runOnlyForDeploymentPostprocessing = 0;
		};
/* End PBXResourcesBuildPhase section */

/* Begin PBXSourcesBuildPhase section */
		00A832451E10C7B30091A15A /* Sources */ = {
			isa = PBXSourcesBuildPhase;
			buildActionMask = 2147483647;
			files = (
				00A8325A1E10C7B30091A15A /* Christmas.xcdatamodeld in Sources */,
				00A832541E10C7B30091A15A /* ViewController.m in Sources */,
				00A832511E10C7B30091A15A /* AppDelegate.m in Sources */,
				00A8324E1E10C7B30091A15A /* main.m in Sources */,
			);
			runOnlyForDeploymentPostprocessing = 0;
		};
		00A832611E10C7B30091A15A /* Sources */ = {
			isa = PBXSourcesBuildPhase;
			buildActionMask = 2147483647;
			files = (
				00A8326A1E10C7B30091A15A /* ChristmasTests.m in Sources */,
			);
			runOnlyForDeploymentPostprocessing = 0;
		};
		00A8326C1E10C7B30091A15A /* Sources */ = {
			isa = PBXSourcesBuildPhase;
			buildActionMask = 2147483647;
			files = (
				00A832751E10C7B30091A15A /* ChristmasUITests.m in Sources */,
			);
			runOnlyForDeploymentPostprocessing = 0;
		};
/* End PBXSourcesBuildPhase section */

/* Begin PBXTargetDependency section */
		00A832671E10C7B30091A15A /* PBXTargetDependency */ = {
			isa = PBXTargetDependency;
			target = 00A832481E10C7B30091A15A /* Christmas */;
			targetProxy = 00A832661E10C7B30091A15A /* PBXContainerItemProxy */;
		};
		00A832721E10C7B30091A15A /* PBXTargetDependency */ = {
			isa = PBXTargetDependency;
			target = 00A832481E10C7B30091A15A /* Christmas */;
			targetProxy = 00A832711E10C7B30091A15A /* PBXContainerItemProxy */;
		};
/* End PBXTargetDependency section */

/* Begin PBXVariantGroup section */
		00A832551E10C7B30091A15A /* Main.storyboard */ = {
			isa = PBXVariantGroup;
			children = (
				00A832561E10C7B30091A15A /* Base */,
			);
			name = Main.storyboard;
			sourceTree = "<group>";
		};
		00A8325D1E10C7B30091A15A /* LaunchScreen.storyboard */ = {
			isa = PBXVariantGroup;
			children = (
				00A8325E1E10C7B30091A15A /* Base */,
			);
			name = LaunchScreen.storyboard;
			sourceTree = "<group>";
		};
/* End PBXVariantGroup section */

/* Begin XCBuildConfiguration section */
		00A832771E10C7B30091A15A /* Debug */ = {
			isa = XCBuildConfiguration;
			buildSettings = {
				ALWAYS_SEARCH_USER_PATHS = NO;
				CLANG_ANALYZER_NONNULL = YES;
				CLANG_CXX_LANGUAGE_STANDARD = "gnu++0x";
				CLANG_CXX_LIBRARY = "libc++";
				CLANG_ENABLE_MODULES = YES;
				CLANG_ENABLE_OBJC_ARC = YES;
				CLANG_WARN_BOOL_CONVERSION = YES;
				CLANG_WARN_CONSTANT_CONVERSION = YES;
				CLANG_WARN_DIRECT_OBJC_ISA_USAGE = YES_ERROR;
				CLANG_WARN_DOCUMENTATION_COMMENTS = YES;
				CLANG_WARN_EMPTY_BODY = YES;
				CLANG_WARN_ENUM_CONVERSION = YES;
				CLANG_WARN_INFINITE_RECURSION = YES;
				CLANG_WARN_INT_CONVERSION = YES;
				CLANG_WARN_OBJC_ROOT_CLASS = YES_ERROR;
				CLANG_WARN_SUSPICIOUS_MOVE = YES;
				CLANG_WARN_UNREACHABLE_CODE = YES;
				CLANG_WARN__DUPLICATE_METHOD_MATCH = YES;
				"CODE_SIGN_IDENTITY[sdk=iphoneos*]" = "iPhone Developer";
				COPY_PHASE_STRIP = NO;
				DEBUG_INFORMATION_FORMAT = dwarf;
				ENABLE_STRICT_OBJC_MSGSEND = YES;
				ENABLE_TESTABILITY = YES;
				GCC_C_LANGUAGE_STANDARD = gnu99;
				GCC_DYNAMIC_NO_PIC = NO;
				GCC_NO_COMMON_BLOCKS = YES;
				GCC_OPTIMIZATION_LEVEL = 0;
				GCC_PREPROCESSOR_DEFINITIONS = (
					"DEBUG=1",
					"$(inherited)",
				);
				GCC_WARN_64_TO_32_BIT_CONVERSION = YES;
				GCC_WARN_ABOUT_RETURN_TYPE = YES_ERROR;
				GCC_WARN_UNDECLARED_SELECTOR = YES;
				GCC_WARN_UNINITIALIZED_AUTOS = YES_AGGRESSIVE;
				GCC_WARN_UNUSED_FUNCTION = YES;
				GCC_WARN_UNUSED_VARIABLE = YES;
				IPHONEOS_DEPLOYMENT_TARGET = 10.2;
				MTL_ENABLE_DEBUG_INFO = YES;
				ONLY_ACTIVE_ARCH = YES;
				SDKROOT = iphoneos;
			};
			name = Debug;
		};
		00A832781E10C7B30091A15A /* Release */ = {
			isa = XCBuildConfiguration;
			buildSettings = {
				ALWAYS_SEARCH_USER_PATHS = NO;
				CLANG_ANALYZER_NONNULL = YES;
				CLANG_CXX_LANGUAGE_STANDARD = "gnu++0x";
				CLANG_CXX_LIBRARY = "libc++";
				CLANG_ENABLE_MODULES = YES;
				CLANG_ENABLE_OBJC_ARC = YES;
				CLANG_WARN_BOOL_CONVERSION = YES;
				CLANG_WARN_CONSTANT_CONVERSION = YES;
				CLANG_WARN_DIRECT_OBJC_ISA_USAGE = YES_ERROR;
				CLANG_WARN_DOCUMENTATION_COMMENTS = YES;
				CLANG_WARN_EMPTY_BODY = YES;
				CLANG_WARN_ENUM_CONVERSION = YES;
				CLANG_WARN_INFINITE_RECURSION = YES;
				CLANG_WARN_INT_CONVERSION = YES;
				CLANG_WARN_OBJC_ROOT_CLASS = YES_ERROR;
				CLANG_WARN_SUSPICIOUS_MOVE = YES;
				CLANG_WARN_UNREACHABLE_CODE = YES;
				CLANG_WARN__DUPLICATE_METHOD_MATCH = YES;
				"CODE_SIGN_IDENTITY[sdk=iphoneos*]" = "iPhone Developer";
				COPY_PHASE_STRIP = NO;
				DEBUG_INFORMATION_FORMAT = "dwarf-with-dsym";
				ENABLE_NS_ASSERTIONS = NO;
				ENABLE_STRICT_OBJC_MSGSEND = YES;
				GCC_C_LANGUAGE_STANDARD = gnu99;
				GCC_NO_COMMON_BLOCKS = YES;
				GCC_WARN_64_TO_32_BIT_CONVERSION = YES;
				GCC_WARN_ABOUT_RETURN_TYPE = YES_ERROR;
				GCC_WARN_UNDECLARED_SELECTOR = YES;
				GCC_WARN_UNINITIALIZED_AUTOS = YES_AGGRESSIVE;
				GCC_WARN_UNUSED_FUNCTION = YES;
				GCC_WARN_UNUSED_VARIABLE = YES;
				IPHONEOS_DEPLOYMENT_TARGET = 10.2;
				MTL_ENABLE_DEBUG_INFO = NO;
				SDKROOT = iphoneos;
				VALIDATE_PRODUCT = YES;
			};
			name = Release;
		};
		00A8327A1E10C7B30091A15A /* Debug */ = {
			isa = XCBuildConfiguration;
			buildSettings = {
				ASSETCATALOG_COMPILER_APPICON_NAME = AppIcon;
				DEVELOPMENT_TEAM = AQYG2VCB27;
				INFOPLIST_FILE = Christmas/Info.plist;
				LD_RUNPATH_SEARCH_PATHS = "$(inherited) @executable_path/Frameworks";
				PRODUCT_BUNDLE_IDENTIFIER = com.ldk.Christmas;
				PRODUCT_NAME = "$(TARGET_NAME)";
			};
			name = Debug;
		};
		00A8327B1E10C7B30091A15A /* Release */ = {
			isa = XCBuildConfiguration;
			buildSettings = {
				ASSETCATALOG_COMPILER_APPICON_NAME = AppIcon;
				DEVELOPMENT_TEAM = AQYG2VCB27;
				INFOPLIST_FILE = Christmas/Info.plist;
				LD_RUNPATH_SEARCH_PATHS = "$(inherited) @executable_path/Frameworks";
				PRODUCT_BUNDLE_IDENTIFIER = com.ldk.Christmas;
				PRODUCT_NAME = "$(TARGET_NAME)";
			};
			name = Release;
		};
		00A8327D1E10C7B30091A15A /* Debug */ = {
			isa = XCBuildConfiguration;
			buildSettings = {
				BUNDLE_LOADER = "$(TEST_HOST)";
				DEVELOPMENT_TEAM = AQYG2VCB27;
				INFOPLIST_FILE = ChristmasTests/Info.plist;
				LD_RUNPATH_SEARCH_PATHS = "$(inherited) @executable_path/Frameworks @loader_path/Frameworks";
				PRODUCT_BUNDLE_IDENTIFIER = com.ldk.ChristmasTests;
				PRODUCT_NAME = "$(TARGET_NAME)";
				TEST_HOST = "$(BUILT_PRODUCTS_DIR)/Christmas.app/Christmas";
			};
			name = Debug;
		};
		00A8327E1E10C7B30091A15A /* Release */ = {
			isa = XCBuildConfiguration;
			buildSettings = {
				BUNDLE_LOADER = "$(TEST_HOST)";
				DEVELOPMENT_TEAM = AQYG2VCB27;
				INFOPLIST_FILE = ChristmasTests/Info.plist;
				LD_RUNPATH_SEARCH_PATHS = "$(inherited) @executable_path/Frameworks @loader_path/Frameworks";
				PRODUCT_BUNDLE_IDENTIFIER = com.ldk.ChristmasTests;
				PRODUCT_NAME = "$(TARGET_NAME)";
				TEST_HOST = "$(BUILT_PRODUCTS_DIR)/Christmas.app/Christmas";
			};
			name = Release;
		};
		00A832801E10C7B30091A15A /* Debug */ = {
			isa = XCBuildConfiguration;
			buildSettings = {
				DEVELOPMENT_TEAM = AQYG2VCB27;
				INFOPLIST_FILE = ChristmasUITests/Info.plist;
				LD_RUNPATH_SEARCH_PATHS = "$(inherited) @executable_path/Frameworks @loader_path/Frameworks";
				PRODUCT_BUNDLE_IDENTIFIER = com.ldk.ChristmasUITests;
				PRODUCT_NAME = "$(TARGET_NAME)";
				TEST_TARGET_NAME = Christmas;
			};
			name = Debug;
		};
		00A832811E10C7B30091A15A /* Release */ = {
			isa = XCBuildConfiguration;
			buildSettings = {
				DEVELOPMENT_TEAM = AQYG2VCB27;
				INFOPLIST_FILE = ChristmasUITests/Info.plist;
				LD_RUNPATH_SEARCH_PATHS = "$(inherited) @executable_path/Frameworks @loader_path/Frameworks";
				PRODUCT_BUNDLE_IDENTIFIER = com.ldk.ChristmasUITests;
				PRODUCT_NAME = "$(TARGET_NAME)";
				TEST_TARGET_NAME = Christmas;
			};
			name = Release;
		};
/* End XCBuildConfiguration section */

/* Begin XCConfigurationList section */
		00A832441E10C7B30091A15A /* Build configuration list for PBXProject "Christmas" */ = {
			isa = XCConfigurationList;
			buildConfigurations = (
				00A832771E10C7B30091A15A /* Debug */,
				00A832781E10C7B30091A15A /* Release */,
			);
			defaultConfigurationIsVisible = 0;
			defaultConfigurationName = Release;
		};
		00A832791E10C7B30091A15A /* Build configuration list for PBXNativeTarget "Christmas" */ = {
			isa = XCConfigurationList;
			buildConfigurations = (
				00A8327A1E10C7B30091A15A /* Debug */,
				00A8327B1E10C7B30091A15A /* Release */,
			);
			defaultConfigurationIsVisible = 0;
		};
		00A8327C1E10C7B30091A15A /* Build configuration list for PBXNativeTarget "ChristmasTests" */ = {
			isa = XCConfigurationList;
			buildConfigurations = (
				00A8327D1E10C7B30091A15A /* Debug */,
				00A8327E1E10C7B30091A15A /* Release */,
			);
			defaultConfigurationIsVisible = 0;
		};
		00A8327F1E10C7B30091A15A /* Build configuration list for PBXNativeTarget "ChristmasUITests" */ = {
			isa = XCConfigurationList;
			buildConfigurations = (
				00A832801E10C7B30091A15A /* Debug */,
				00A832811E10C7B30091A15A /* Release */,
			);
			defaultConfigurationIsVisible = 0;
		};
/* End XCConfigurationList section */

/* Begin XCVersionGroup section */
		00A832581E10C7B30091A15A /* Christmas.xcdatamodeld */ = {
			isa = XCVersionGroup;
			children = (
				00A832591E10C7B30091A15A /* Christmas.xcdatamodel */,
			);
			currentVersion = 00A832591E10C7B30091A15A /* Christmas.xcdatamodel */;
			path = Christmas.xcdatamodeld;
			sourceTree = "<group>";
			versionGroupType = wrapper.xcdatamodel;
		};
/* End XCVersionGroup section */
	};
	rootObject = 00A832411E10C7B30091A15A /* Project object */;
}
